
Microsoft Visual Studio Solution File, Format Version 12.00
# Visual Studio 15
VisualStudioVersion = 15.0.27703.2042
MinimumVisualStudioVersion = 10.0.40219.1
Project("{FAE04EC0-301F-11D3-BF4B-00C04F79EFBC}") = "SnackViewInListView.Android", "SnackViewInListView\SnackViewInListView.Android\SnackViewInListView.Android.csproj", "{888E12BC-9795-4AE6-8183-ABB6EAFFDA2E}"
EndProject
Project("{FAE04EC0-301F-11D3-BF4B-00C04F79EFBC}") = "SnackViewInListView.iOS", "SnackViewInListView\SnackViewInListView.iOS\SnackViewInListView.iOS.csproj", "{B4DABAE7-8066-4086-B1D1-28B805EF303B}"
EndProject
Project("{FAE04EC0-301F-11D3-BF4B-00C04F79EFBC}") = "SnackViewInListView.UWP", "SnackViewInListView\SnackViewInListView.UWP\SnackViewInListView.UWP.csproj", "{133BB11C-D4DD-4D90-90A5-B8F04222DD03}"
EndProject
Project("{FAE04EC0-301F-11D3-BF4B-00C04F79EFBC}") = "SnackViewInListView", "SnackViewInListView\SnackViewInListView\SnackViewInListView.csproj", "{E38BBD62-3986-41E1-8E0D-79B050F35476}"
EndProject
Global
	GlobalSection(SolutionConfigurationPlatforms) = preSolution
		Ad-Hoc|Any CPU = Ad-Hoc|Any CPU
		Ad-Hoc|ARM = Ad-Hoc|ARM
		Ad-Hoc|iPhone = Ad-Hoc|iPhone
		Ad-Hoc|iPhoneSimulator = Ad-Hoc|iPhoneSimulator
		Ad-Hoc|x64 = Ad-Hoc|x64
		Ad-Hoc|x86 = Ad-Hoc|x86
		AppStore|Any CPU = AppStore|Any CPU
		AppStore|ARM = AppStore|ARM
		AppStore|iPhone = AppStore|iPhone
		AppStore|iPhoneSimulator = AppStore|iPhoneSimulator
		AppStore|x64 = AppStore|x64
		AppStore|x86 = AppStore|x86
		Debug|Any CPU = Debug|Any CPU
		Debug|ARM = Debug|ARM
		Debug|iPhone = Debug|iPhone
		Debug|iPhoneSimulator = Debug|iPhoneSimulator
		Debug|x64 = Debug|x64
		Debug|x86 = Debug|x86
		Release|Any CPU = Release|Any CPU
		Release|ARM = Release|ARM
		Release|iPhone = Release|iPhone
		Release|iPhoneSimulator = Release|iPhoneSimulator
		Release|x64 = Release|x64
		Release|x86 = Release|x86
	EndGlobalSection
	GlobalSection(ProjectConfigurationPlatforms) = postSolution
		{888E12BC-9795-4AE6-8183-ABB6EAFFDA2E}.Ad-Hoc|Any CPU.ActiveCfg = Release|Any CPU
		{888E12BC-9795-4AE6-8183-ABB6EAFFDA2E}.Ad-Hoc|Any CPU.Build.0 = Release|Any CPU
		{888E12BC-9795-4AE6-8183-ABB6EAFFDA2E}.Ad-Hoc|Any CPU.Deploy.0 = Release|Any CPU
		{888E12BC-9795-4AE6-8183-ABB6EAFFDA2E}.Ad-Hoc|ARM.ActiveCfg = Release|Any CPU
		{888E12BC-9795-4AE6-8183-ABB6EAFFDA2E}.Ad-Hoc|ARM.Build.0 = Release|Any CPU
		{888E12BC-9795-4AE6-8183-ABB6EAFFDA2E}.Ad-Hoc|ARM.Deploy.0 = Release|Any CPU
		{888E12BC-9795-4AE6-8183-ABB6EAFFDA2E}.Ad-Hoc|iPhone.ActiveCfg = Release|Any CPU
		{888E12BC-9795-4AE6-8183-ABB6EAFFDA2E}.Ad-Hoc|iPhone.Build.0 = Release|Any CPU
		{888E12BC-9795-4AE6-8183-ABB6EAFFDA2E}.Ad-Hoc|iPhone.Deploy.0 = Release|Any CPU
		{888E12BC-9795-4AE6-8183-ABB6EAFFDA2E}.Ad-Hoc|iPhoneSimulator.ActiveCfg = Release|Any CPU
		{888E12BC-9795-4AE6-8183-ABB6EAFFDA2E}.Ad-Hoc|iPhoneSimulator.Build.0 = Release|Any CPU
		{888E12BC-9795-4AE6-8183-ABB6EAFFDA2E}.Ad-Hoc|iPhoneSimulator.Deploy.0 = Release|Any CPU
		{888E12BC-9795-4AE6-8183-ABB6EAFFDA2E}.Ad-Hoc|x64.ActiveCfg = Release|Any CPU
		{888E12BC-9795-4AE6-8183-ABB6EAFFDA2E}.Ad-Hoc|x64.Build.0 = Release|Any CPU
		{888E12BC-9795-4AE6-8183-ABB6EAFFDA2E}.Ad-Hoc|x64.Deploy.0 = Release|Any CPU
		{888E12BC-9795-4AE6-8183-ABB6EAFFDA2E}.Ad-Hoc|x86.ActiveCfg = Release|Any CPU
		{888E12BC-9795-4AE6-8183-ABB6EAFFDA2E}.Ad-Hoc|x86.Build.0 = Release|Any CPU
		{888E12BC-9795-4AE6-8183-ABB6EAFFDA2E}.Ad-Hoc|x86.Deploy.0 = Release|Any CPU
		{888E12BC-9795-4AE6-8183-ABB6EAFFDA2E}.AppStore|Any CPU.ActiveCfg = Release|Any CPU
		{888E12BC-9795-4AE6-8183-ABB6EAFFDA2E}.AppStore|Any CPU.Build.0 = Release|Any CPU
		{888E12BC-9795-4AE6-8183-ABB6EAFFDA2E}.AppStore|Any CPU.Deploy.0 = Release|Any CPU
		{888E12BC-9795-4AE6-8183-ABB6EAFFDA2E}.AppStore|ARM.ActiveCfg = Release|Any CPU
		{888E12BC-9795-4AE6-8183-ABB6EAFFDA2E}.AppStore|ARM.Build.0 = Release|Any CPU
		{888E12BC-9795-4AE6-8183-ABB6EAFFDA2E}.AppStore|ARM.Deploy.0 = Release|Any CPU
		{888E12BC-9795-4AE6-8183-ABB6EAFFDA2E}.AppStore|iPhone.ActiveCfg = Release|Any CPU
		{888E12BC-9795-4AE6-8183-ABB6EAFFDA2E}.AppStore|iPhone.Build.0 = Release|Any CPU
		{888E12BC-9795-4AE6-8183-ABB6EAFFDA2E}.AppStore|iPhone.Deploy.0 = Release|Any CPU
		{888E12BC-9795-4AE6-8183-ABB6EAFFDA2E}.AppStore|iPhoneSimulator.ActiveCfg = Release|Any CPU
		{888E12BC-9795-4AE6-8183-ABB6EAFFDA2E}.AppStore|iPhoneSimulator.Build.0 = Release|Any CPU
		{888E12BC-9795-4AE6-8183-ABB6EAFFDA2E}.AppStore|iPhoneSimulator.Deploy.0 = Release|Any CPU
		{888E12BC-9795-4AE6-8183-ABB6EAFFDA2E}.AppStore|x64.ActiveCfg = Release|Any CPU
		{888E12BC-9795-4AE6-8183-ABB6EAFFDA2E}.AppStore|x64.Build.0 = Release|Any CPU
		{888E12BC-9795-4AE6-8183-ABB6EAFFDA2E}.AppStore|x64.Deploy.0 = Release|Any CPU
		{888E12BC-9795-4AE6-8183-ABB6EAFFDA2E}.AppStore|x86.ActiveCfg = Release|Any CPU
		{888E12BC-9795-4AE6-8183-ABB6EAFFDA2E}.AppStore|x86.Build.0 = Release|Any CPU
		{888E12BC-9795-4AE6-8183-ABB6EAFFDA2E}.AppStore|x86.Deploy.0 = Release|Any CPU
		{888E12BC-9795-4AE6-8183-ABB6EAFFDA2E}.Debug|Any CPU.ActiveCfg = Debug|Any CPU
		{888E12BC-9795-4AE6-8183-ABB6EAFFDA2E}.Debug|Any CPU.Build.0 = Debug|Any CPU
		{888E12BC-9795-4AE6-8183-ABB6EAFFDA2E}.Debug|Any CPU.Deploy.0 = Debug|Any CPU
		{888E12BC-9795-4AE6-8183-ABB6EAFFDA2E}.Debug|ARM.ActiveCfg = Debug|Any CPU
		{888E12BC-9795-4AE6-8183-ABB6EAFFDA2E}.Debug|ARM.Build.0 = Debug|Any CPU
		{888E12BC-9795-4AE6-8183-ABB6EAFFDA2E}.Debug|ARM.Deploy.0 = Debug|Any CPU
		{888E12BC-9795-4AE6-8183-ABB6EAFFDA2E}.Debug|iPhone.ActiveCfg = Debug|Any CPU
		{888E12BC-9795-4AE6-8183-ABB6EAFFDA2E}.Debug|iPhone.Build.0 = Debug|Any CPU
		{888E12BC-9795-4AE6-8183-ABB6EAFFDA2E}.Debug|iPhone.Deploy.0 = Debug|Any CPU
		{888E12BC-9795-4AE6-8183-ABB6EAFFDA2E}.Debug|iPhoneSimulator.ActiveCfg = Debug|Any CPU
		{888E12BC-9795-4AE6-8183-ABB6EAFFDA2E}.Debug|iPhoneSimulator.Build.0 = Debug|Any CPU
		{888E12BC-9795-4AE6-8183-ABB6EAFFDA2E}.Debug|iPhoneSimulator.Deploy.0 = Debug|Any CPU
		{888E12BC-9795-4AE6-8183-ABB6EAFFDA2E}.Debug|x64.ActiveCfg = Debug|Any CPU
		{888E12BC-9795-4AE6-8183-ABB6EAFFDA2E}.Debug|x64.Build.0 = Debug|Any CPU
		{888E12BC-9795-4AE6-8183-ABB6EAFFDA2E}.Debug|x64.Deploy.0 = Debug|Any CPU
		{888E12BC-9795-4AE6-8183-ABB6EAFFDA2E}.Debug|x86.ActiveCfg = Debug|Any CPU
		{888E12BC-9795-4AE6-8183-ABB6EAFFDA2E}.Debug|x86.Build.0 = Debug|Any CPU
		{888E12BC-9795-4AE6-8183-ABB6EAFFDA2E}.Debug|x86.Deploy.0 = Debug|Any CPU
		{888E12BC-9795-4AE6-8183-ABB6EAFFDA2E}.Release|Any CPU.ActiveCfg = Release|Any CPU
		{888E12BC-9795-4AE6-8183-ABB6EAFFDA2E}.Release|Any CPU.Build.0 = Release|Any CPU
		{888E12BC-9795-4AE6-8183-ABB6EAFFDA2E}.Release|Any CPU.Deploy.0 = Release|Any CPU
		{888E12BC-9795-4AE6-8183-ABB6EAFFDA2E}.Release|ARM.ActiveCfg = Release|Any CPU
		{888E12BC-9795-4AE6-8183-ABB6EAFFDA2E}.Release|ARM.Build.0 = Release|Any CPU
		{888E12BC-9795-4AE6-8183-ABB6EAFFDA2E}.Release|ARM.Deploy.0 = Release|Any CPU
		{888E12BC-9795-4AE6-8183-ABB6EAFFDA2E}.Release|iPhone.ActiveCfg = Release|Any CPU
		{888E12BC-9795-4AE6-8183-ABB6EAFFDA2E}.Release|iPhone.Build.0 = Release|Any CPU
		{888E12BC-9795-4AE6-8183-ABB6EAFFDA2E}.Release|iPhone.Deploy.0 = Release|Any CPU
		{888E12BC-9795-4AE6-8183-ABB6EAFFDA2E}.Release|iPhoneSimulator.ActiveCfg = Release|Any CPU
		{888E12BC-9795-4AE6-8183-ABB6EAFFDA2E}.Release|iPhoneSimulator.Build.0 = Release|Any CPU
		{888E12BC-9795-4AE6-8183-ABB6EAFFDA2E}.Release|iPhoneSimulator.Deploy.0 = Release|Any CPU
		{888E12BC-9795-4AE6-8183-ABB6EAFFDA2E}.Release|x64.ActiveCfg = Release|Any CPU
		{888E12BC-9795-4AE6-8183-ABB6EAFFDA2E}.Release|x64.Build.0 = Release|Any CPU
		{888E12BC-9795-4AE6-8183-ABB6EAFFDA2E}.Release|x64.Deploy.0 = Release|Any CPU
		{888E12BC-9795-4AE6-8183-ABB6EAFFDA2E}.Release|x86.ActiveCfg = Release|Any CPU
		{888E12BC-9795-4AE6-8183-ABB6EAFFDA2E}.Release|x86.Build.0 = Release|Any CPU
		{888E12BC-9795-4AE6-8183-ABB6EAFFDA2E}.Release|x86.Deploy.0 = Release|Any CPU
		{B4DABAE7-8066-4086-B1D1-28B805EF303B}.Ad-Hoc|Any CPU.ActiveCfg = Ad-Hoc|iPhone
		{B4DABAE7-8066-4086-B1D1-28B805EF303B}.Ad-Hoc|Any CPU.Build.0 = Ad-Hoc|iPhone
		{B4DABAE7-8066-4086-B1D1-28B805EF303B}.Ad-Hoc|Any CPU.Deploy.0 = Ad-Hoc|iPhone
		{B4DABAE7-8066-4086-B1D1-28B805EF303B}.Ad-Hoc|ARM.ActiveCfg = Ad-Hoc|iPhone
		{B4DABAE7-8066-4086-B1D1-28B805EF303B}.Ad-Hoc|ARM.Build.0 = Ad-Hoc|iPhone
		{B4DABAE7-8066-4086-B1D1-28B805EF303B}.Ad-Hoc|ARM.Deploy.0 = Ad-Hoc|iPhone
		{B4DABAE7-8066-4086-B1D1-28B805EF303B}.Ad-Hoc|iPhone.ActiveCfg = Ad-Hoc|iPhone
		{B4DABAE7-8066-4086-B1D1-28B805EF303B}.Ad-Hoc|iPhone.Build.0 = Ad-Hoc|iPhone
		{B4DABAE7-8066-4086-B1D1-28B805EF303B}.Ad-Hoc|iPhone.Deploy.0 = Ad-Hoc|iPhone
		{B4DABAE7-8066-4086-B1D1-28B805EF303B}.Ad-Hoc|iPhoneSimulator.ActiveCfg = Ad-Hoc|iPhoneSimulator
		{B4DABAE7-8066-4086-B1D1-28B805EF303B}.Ad-Hoc|iPhoneSimulator.Build.0 = Ad-Hoc|iPhoneSimulator
		{B4DABAE7-8066-4086-B1D1-28B805EF303B}.Ad-Hoc|iPhoneSimulator.Deploy.0 = Ad-Hoc|iPhoneSimulator
		{B4DABAE7-8066-4086-B1D1-28B805EF303B}.Ad-Hoc|x64.ActiveCfg = Ad-Hoc|iPhone
		{B4DABAE7-8066-4086-B1D1-28B805EF303B}.Ad-Hoc|x64.Build.0 = Ad-Hoc|iPhone
		{B4DABAE7-8066-4086-B1D1-28B805EF303B}.Ad-Hoc|x64.Deploy.0 = Ad-Hoc|iPhone
		{B4DABAE7-8066-4086-B1D1-28B805EF303B}.Ad-Hoc|x86.ActiveCfg = Ad-Hoc|iPhone
		{B4DABAE7-8066-4086-B1D1-28B805EF303B}.Ad-Hoc|x86.Build.0 = Ad-Hoc|iPhone
		{B4DABAE7-8066-4086-B1D1-28B805EF303B}.Ad-Hoc|x86.Deploy.0 = Ad-Hoc|iPhone
		{B4DABAE7-8066-4086-B1D1-28B805EF303B}.AppStore|Any CPU.ActiveCfg = AppStore|iPhone
		{B4DABAE7-8066-4086-B1D1-28B805EF303B}.AppStore|Any CPU.Build.0 = AppStore|iPhone
		{B4DABAE7-8066-4086-B1D1-28B805EF303B}.AppStore|Any CPU.Deploy.0 = AppStore|iPhone
		{B4DABAE7-8066-4086-B1D1-28B805EF303B}.AppStore|ARM.ActiveCfg = AppStore|iPhone
		{B4DABAE7-8066-4086-B1D1-28B805EF303B}.AppStore|ARM.Build.0 = AppStore|iPhone
		{B4DABAE7-8066-4086-B1D1-28B805EF303B}.AppStore|ARM.Deploy.0 = AppStore|iPhone
		{B4DABAE7-8066-4086-B1D1-28B805EF303B}.AppStore|iPhone.ActiveCfg = AppStore|iPhone
		{B4DABAE7-8066-4086-B1D1-28B805EF303B}.AppStore|iPhone.Build.0 = AppStore|iPhone
		{B4DABAE7-8066-4086-B1D1-28B805EF303B}.AppStore|iPhone.Deploy.0 = AppStore|iPhone
		{B4DABAE7-8066-4086-B1D1-28B805EF303B}.AppStore|iPhoneSimulator.ActiveCfg = AppStore|iPhoneSimulator
		{B4DABAE7-8066-4086-B1D1-28B805EF303B}.AppStore|iPhoneSimulator.Build.0 = AppStore|iPhoneSimulator
		{B4DABAE7-8066-4086-B1D1-28B805EF303B}.AppStore|iPhoneSimulator.Deploy.0 = AppStore|iPhoneSimulator
		{B4DABAE7-8066-4086-B1D1-28B805EF303B}.AppStore|x64.ActiveCfg = AppStore|iPhone
		{B4DABAE7-8066-4086-B1D1-28B805EF303B}.AppStore|x64.Build.0 = AppStore|iPhone
		{B4DABAE7-8066-4086-B1D1-28B805EF303B}.AppStore|x64.Deploy.0 = AppStore|iPhone
		{B4DABAE7-8066-4086-B1D1-28B805EF303B}.AppStore|x86.ActiveCfg = AppStore|iPhone
		{B4DABAE7-8066-4086-B1D1-28B805EF303B}.AppStore|x86.Build.0 = AppStore|iPhone
		{B4DABAE7-8066-4086-B1D1-28B805EF303B}.AppStore|x86.Deploy.0 = AppStore|iPhone
		{B4DABAE7-8066-4086-B1D1-28B805EF303B}.Debug|Any CPU.ActiveCfg = Debug|iPhoneSimulator
		{B4DABAE7-8066-4086-B1D1-28B805EF303B}.Debug|Any CPU.Build.0 = Debug|iPhoneSimulator
		{B4DABAE7-8066-4086-B1D1-28B805EF303B}.Debug|Any CPU.Deploy.0 = Debug|iPhoneSimulator
		{B4DABAE7-8066-4086-B1D1-28B805EF303B}.Debug|ARM.ActiveCfg = Debug|iPhone
		{B4DABAE7-8066-4086-B1D1-28B805EF303B}.Debug|ARM.Build.0 = Debug|iPhone
		{B4DABAE7-8066-4086-B1D1-28B805EF303B}.Debug|ARM.Deploy.0 = Debug|iPhone
		{B4DABAE7-8066-4086-B1D1-28B805EF303B}.Debug|iPhone.ActiveCfg = Debug|iPhone
		{B4DABAE7-8066-4086-B1D1-28B805EF303B}.Debug|iPhone.Build.0 = Debug|iPhone
		{B4DABAE7-8066-4086-B1D1-28B805EF303B}.Debug|iPhone.Deploy.0 = Debug|iPhone
		{B4DABAE7-8066-4086-B1D1-28B805EF303B}.Debug|iPhoneSimulator.ActiveCfg = Debug|iPhoneSimulator
		{B4DABAE7-8066-4086-B1D1-28B805EF303B}.Debug|iPhoneSimulator.Build.0 = Debug|iPhoneSimulator
		{B4DABAE7-8066-4086-B1D1-28B805EF303B}.Debug|iPhoneSimulator.Deploy.0 = Debug|iPhoneSimulator
		{B4DABAE7-8066-4086-B1D1-28B805EF303B}.Debug|x64.ActiveCfg = Debug|iPhone
		{B4DABAE7-8066-4086-B1D1-28B805EF303B}.Debug|x64.Build.0 = Debug|iPhone
		{B4DABAE7-8066-4086-B1D1-28B805EF303B}.Debug|x64.Deploy.0 = Debug|iPhone
		{B4DABAE7-8066-4086-B1D1-28B805EF303B}.Debug|x86.ActiveCfg = Debug|iPhone
		{B4DABAE7-8066-4086-B1D1-28B805EF303B}.Debug|x86.Build.0 = Debug|iPhone
		{B4DABAE7-8066-4086-B1D1-28B805EF303B}.Debug|x86.Deploy.0 = Debug|iPhone
		{B4DABAE7-8066-4086-B1D1-28B805EF303B}.Release|Any CPU.ActiveCfg = Release|iPhone
		{B4DABAE7-8066-4086-B1D1-28B805EF303B}.Release|Any CPU.Build.0 = Release|iPhone
		{B4DABAE7-8066-4086-B1D1-28B805EF303B}.Release|Any CPU.Deploy.0 = Release|iPhone
		{B4DABAE7-8066-4086-B1D1-28B805EF303B}.Release|ARM.ActiveCfg = Release|iPhone
		{B4DABAE7-8066-4086-B1D1-28B805EF303B}.Release|ARM.Build.0 = Release|iPhone
		{B4DABAE7-8066-4086-B1D1-28B805EF303B}.Release|ARM.Deploy.0 = Release|iPhone
		{B4DABAE7-8066-4086-B1D1-28B805EF303B}.Release|iPhone.ActiveCfg = Release|iPhone
		{B4DABAE7-8066-4086-B1D1-28B805EF303B}.Release|iPhone.Build.0 = Release|iPhone
		{B4DABAE7-8066-4086-B1D1-28B805EF303B}.Release|iPhone.Deploy.0 = Release|iPhone
		{B4DABAE7-8066-4086-B1D1-28B805EF303B}.Release|iPhoneSimulator.ActiveCfg = Release|iPhoneSimulator
		{B4DABAE7-8066-4086-B1D1-28B805EF303B}.Release|iPhoneSimulator.Build.0 = Release|iPhoneSimulator
		{B4DABAE7-8066-4086-B1D1-28B805EF303B}.Release|iPhoneSimulator.Deploy.0 = Release|iPhoneSimulator
		{B4DABAE7-8066-4086-B1D1-28B805EF303B}.Release|x64.ActiveCfg = Release|iPhone
		{B4DABAE7-8066-4086-B1D1-28B805EF303B}.Release|x64.Build.0 = Release|iPhone
		{B4DABAE7-8066-4086-B1D1-28B805EF303B}.Release|x64.Deploy.0 = Release|iPhone
		{B4DABAE7-8066-4086-B1D1-28B805EF303B}.Release|x86.ActiveCfg = Release|iPhone
		{B4DABAE7-8066-4086-B1D1-28B805EF303B}.Release|x86.Build.0 = Release|iPhone
		{B4DABAE7-8066-4086-B1D1-28B805EF303B}.Release|x86.Deploy.0 = Release|iPhone
		{133BB11C-D4DD-4D90-90A5-B8F04222DD03}.Ad-Hoc|Any CPU.ActiveCfg = Release|x86
		{133BB11C-D4DD-4D90-90A5-B8F04222DD03}.Ad-Hoc|Any CPU.Build.0 = Release|x86
		{133BB11C-D4DD-4D90-90A5-B8F04222DD03}.Ad-Hoc|Any CPU.Deploy.0 = Release|x86
		{133BB11C-D4DD-4D90-90A5-B8F04222DD03}.Ad-Hoc|ARM.ActiveCfg = Release|ARM
		{133BB11C-D4DD-4D90-90A5-B8F04222DD03}.Ad-Hoc|ARM.Build.0 = Release|ARM
		{133BB11C-D4DD-4D90-90A5-B8F04222DD03}.Ad-Hoc|ARM.Deploy.0 = Release|ARM
		{133BB11C-D4DD-4D90-90A5-B8F04222DD03}.Ad-Hoc|iPhone.ActiveCfg = Release|x86
		{133BB11C-D4DD-4D90-90A5-B8F04222DD03}.Ad-Hoc|iPhone.Build.0 = Release|x86
		{133BB11C-D4DD-4D90-90A5-B8F04222DD03}.Ad-Hoc|iPhone.Deploy.0 = Release|x86
		{133BB11C-D4DD-4D90-90A5-B8F04222DD03}.Ad-Hoc|iPhoneSimulator.ActiveCfg = Release|x86
		{133BB11C-D4DD-4D90-90A5-B8F04222DD03}.Ad-Hoc|iPhoneSimulator.Build.0 = Release|x86
		{133BB11C-D4DD-4D90-90A5-B8F04222DD03}.Ad-Hoc|iPhoneSimulator.Deploy.0 = Release|x86
		{133BB11C-D4DD-4D90-90A5-B8F04222DD03}.Ad-Hoc|x64.ActiveCfg = Release|x64
		{133BB11C-D4DD-4D90-90A5-B8F04222DD03}.Ad-Hoc|x64.Build.0 = Release|x64
		{133BB11C-D4DD-4D90-90A5-B8F04222DD03}.Ad-Hoc|x64.Deploy.0 = Release|x64
		{133BB11C-D4DD-4D90-90A5-B8F04222DD03}.Ad-Hoc|x86.ActiveCfg = Release|x86
		{133BB11C-D4DD-4D90-90A5-B8F04222DD03}.Ad-Hoc|x86.Build.0 = Release|x86
		{133BB11C-D4DD-4D90-90A5-B8F04222DD03}.Ad-Hoc|x86.Deploy.0 = Release|x86
		{133BB11C-D4DD-4D90-90A5-B8F04222DD03}.AppStore|Any CPU.ActiveCfg = Release|x86
		{133BB11C-D4DD-4D90-90A5-B8F04222DD03}.AppStore|Any CPU.Build.0 = Release|x86
		{133BB11C-D4DD-4D90-90A5-B8F04222DD03}.AppStore|Any CPU.Deploy.0 = Release|x86
		{133BB11C-D4DD-4D90-90A5-B8F04222DD03}.AppStore|ARM.ActiveCfg = Release|ARM
		{133BB11C-D4DD-4D90-90A5-B8F04222DD03}.AppStore|ARM.Build.0 = Release|ARM
		{133BB11C-D4DD-4D90-90A5-B8F04222DD03}.AppStore|ARM.Deploy.0 = Release|ARM
		{133BB11C-D4DD-4D90-90A5-B8F04222DD03}.AppStore|iPhone.ActiveCfg = Release|x86
		{133BB11C-D4DD-4D90-90A5-B8F04222DD03}.AppStore|iPhone.Build.0 = Release|x86
		{133BB11C-D4DD-4D90-90A5-B8F04222DD03}.AppStore|iPhone.Deploy.0 = Release|x86
		{133BB11C-D4DD-4D90-90A5-B8F04222DD03}.AppStore|iPhoneSimulator.ActiveCfg = Release|x86
		{133BB11C-D4DD-4D90-90A5-B8F04222DD03}.AppStore|iPhoneSimulator.Build.0 = Release|x86
		{133BB11C-D4DD-4D90-90A5-B8F04222DD03}.AppStore|iPhoneSimulator.Deploy.0 = Release|x86
		{133BB11C-D4DD-4D90-90A5-B8F04222DD03}.AppStore|x64.ActiveCfg = Release|x64
		{133BB11C-D4DD-4D90-90A5-B8F04222DD03}.AppStore|x64.Build.0 = Release|x64
		{133BB11C-D4DD-4D90-90A5-B8F04222DD03}.AppStore|x64.Deploy.0 = Release|x64
		{133BB11C-D4DD-4D90-90A5-B8F04222DD03}.AppStore|x86.ActiveCfg = Release|x86
		{133BB11C-D4DD-4D90-90A5-B8F04222DD03}.AppStore|x86.Build.0 = Release|x86
		{133BB11C-D4DD-4D90-90A5-B8F04222DD03}.AppStore|x86.Deploy.0 = Release|x86
		{133BB11C-D4DD-4D90-90A5-B8F04222DD03}.Debug|Any CPU.ActiveCfg = Debug|x86
		{133BB11C-D4DD-4D90-90A5-B8F04222DD03}.Debug|Any CPU.Build.0 = Debug|x86
		{133BB11C-D4DD-4D90-90A5-B8F04222DD03}.Debug|Any CPU.Deploy.0 = Debug|x86
		{133BB11C-D4DD-4D90-90A5-B8F04222DD03}.Debug|ARM.ActiveCfg = Debug|ARM
		{133BB11C-D4DD-4D90-90A5-B8F04222DD03}.Debug|ARM.Build.0 = Debug|ARM
		{133BB11C-D4DD-4D90-90A5-B8F04222DD03}.Debug|ARM.Deploy.0 = Debug|ARM
		{133BB11C-D4DD-4D90-90A5-B8F04222DD03}.Debug|iPhone.ActiveCfg = Debug|x86
		{133BB11C-D4DD-4D90-90A5-B8F04222DD03}.Debug|iPhone.Build.0 = Debug|x86
		{133BB11C-D4DD-4D90-90A5-B8F04222DD03}.Debug|iPhone.Deploy.0 = Debug|x86
		{133BB11C-D4DD-4D90-90A5-B8F04222DD03}.Debug|iPhoneSimulator.ActiveCfg = Debug|x86
		{133BB11C-D4DD-4D90-90A5-B8F04222DD03}.Debug|iPhoneSimulator.Build.0 = Debug|x86
		{133BB11C-D4DD-4D90-90A5-B8F04222DD03}.Debug|iPhoneSimulator.Deploy.0 = Debug|x86
		{133BB11C-D4DD-4D90-90A5-B8F04222DD03}.Debug|x64.ActiveCfg = Debug|x64
		{133BB11C-D4DD-4D90-90A5-B8F04222DD03}.Debug|x64.Build.0 = Debug|x64
		{133BB11C-D4DD-4D90-90A5-B8F04222DD03}.Debug|x64.Deploy.0 = Debug|x64
		{133BB11C-D4DD-4D90-90A5-B8F04222DD03}.Debug|x86.ActiveCfg = Debug|x86
		{133BB11C-D4DD-4D90-90A5-B8F04222DD03}.Debug|x86.Build.0 = Debug|x86
		{133BB11C-D4DD-4D90-90A5-B8F04222DD03}.Debug|x86.Deploy.0 = Debug|x86
		{133BB11C-D4DD-4D90-90A5-B8F04222DD03}.Release|Any CPU.ActiveCfg = Release|x86
		{133BB11C-D4DD-4D90-90A5-B8F04222DD03}.Release|Any CPU.Build.0 = Release|x86
		{133BB11C-D4DD-4D90-90A5-B8F04222DD03}.Release|Any CPU.Deploy.0 = Release|x86
		{133BB11C-D4DD-4D90-90A5-B8F04222DD03}.Release|ARM.ActiveCfg = Release|ARM
		{133BB11C-D4DD-4D90-90A5-B8F04222DD03}.Release|ARM.Build.0 = Release|ARM
		{133BB11C-D4DD-4D90-90A5-B8F04222DD03}.Release|ARM.Deploy.0 = Release|ARM
		{133BB11C-D4DD-4D90-90A5-B8F04222DD03}.Release|iPhone.ActiveCfg = Release|x86
		{133BB11C-D4DD-4D90-90A5-B8F04222DD03}.Release|iPhone.Build.0 = Release|x86
		{133BB11C-D4DD-4D90-90A5-B8F04222DD03}.Release|iPhone.Deploy.0 = Release|x86
		{133BB11C-D4DD-4D90-90A5-B8F04222DD03}.Release|iPhoneSimulator.ActiveCfg = Release|x86
		{133BB11C-D4DD-4D90-90A5-B8F04222DD03}.Release|iPhoneSimulator.Build.0 = Release|x86
		{133BB11C-D4DD-4D90-90A5-B8F04222DD03}.Release|iPhoneSimulator.Deploy.0 = Release|x86
		{133BB11C-D4DD-4D90-90A5-B8F04222DD03}.Release|x64.ActiveCfg = Release|x64
		{133BB11C-D4DD-4D90-90A5-B8F04222DD03}.Release|x64.Build.0 = Release|x64
		{133BB11C-D4DD-4D90-90A5-B8F04222DD03}.Release|x64.Deploy.0 = Release|x64
		{133BB11C-D4DD-4D90-90A5-B8F04222DD03}.Release|x86.ActiveCfg = Release|x86
		{133BB11C-D4DD-4D90-90A5-B8F04222DD03}.Release|x86.Build.0 = Release|x86
		{133BB11C-D4DD-4D90-90A5-B8F04222DD03}.Release|x86.Deploy.0 = Release|x86
		{E38BBD62-3986-41E1-8E0D-79B050F35476}.Ad-Hoc|Any CPU.ActiveCfg = Debug|Any CPU
		{E38BBD62-3986-41E1-8E0D-79B050F35476}.Ad-Hoc|Any CPU.Build.0 = Debug|Any CPU
		{E38BBD62-3986-41E1-8E0D-79B050F35476}.Ad-Hoc|Any CPU.Deploy.0 = Debug|Any CPU
		{E38BBD62-3986-41E1-8E0D-79B050F35476}.Ad-Hoc|ARM.ActiveCfg = Debug|Any CPU
		{E38BBD62-3986-41E1-8E0D-79B050F35476}.Ad-Hoc|ARM.Build.0 = Debug|Any CPU
		{E38BBD62-3986-41E1-8E0D-79B050F35476}.Ad-Hoc|ARM.Deploy.0 = Debug|Any CPU
		{E38BBD62-3986-41E1-8E0D-79B050F35476}.Ad-Hoc|iPhone.ActiveCfg = Debug|Any CPU
		{E38BBD62-3986-41E1-8E0D-79B050F35476}.Ad-Hoc|iPhone.Build.0 = Debug|Any CPU
		{E38BBD62-3986-41E1-8E0D-79B050F35476}.Ad-Hoc|iPhone.Deploy.0 = Debug|Any CPU
		{E38BBD62-3986-41E1-8E0D-79B050F35476}.Ad-Hoc|iPhoneSimulator.ActiveCfg = Debug|Any CPU
		{E38BBD62-3986-41E1-8E0D-79B050F35476}.Ad-Hoc|iPhoneSimulator.Build.0 = Debug|Any CPU
		{E38BBD62-3986-41E1-8E0D-79B050F35476}.Ad-Hoc|iPhoneSimulator.Deploy.0 = Debug|Any CPU
		{E38BBD62-3986-41E1-8E0D-79B050F35476}.Ad-Hoc|x64.ActiveCfg = Debug|Any CPU
		{E38BBD62-3986-41E1-8E0D-79B050F35476}.Ad-Hoc|x64.Build.0 = Debug|Any CPU
		{E38BBD62-3986-41E1-8E0D-79B050F35476}.Ad-Hoc|x64.Deploy.0 = Debug|Any CPU
		{E38BBD62-3986-41E1-8E0D-79B050F35476}.Ad-Hoc|x86.ActiveCfg = Debug|Any CPU
		{E38BBD62-3986-41E1-8E0D-79B050F35476}.Ad-Hoc|x86.Build.0 = Debug|Any CPU
		{E38BBD62-3986-41E1-8E0D-79B050F35476}.Ad-Hoc|x86.Deploy.0 = Debug|Any CPU
		{E38BBD62-3986-41E1-8E0D-79B050F35476}.AppStore|Any CPU.ActiveCfg = Debug|Any CPU
		{E38BBD62-3986-41E1-8E0D-79B050F35476}.AppStore|Any CPU.Build.0 = Debug|Any CPU
		{E38BBD62-3986-41E1-8E0D-79B050F35476}.AppStore|Any CPU.Deploy.0 = Debug|Any CPU
		{E38BBD62-3986-41E1-8E0D-79B050F35476}.AppStore|ARM.ActiveCfg = Debug|Any CPU
		{E38BBD62-3986-41E1-8E0D-79B050F35476}.AppStore|ARM.Build.0 = Debug|Any CPU
		{E38BBD62-3986-41E1-8E0D-79B050F35476}.AppStore|ARM.Deploy.0 = Debug|Any CPU
		{E38BBD62-3986-41E1-8E0D-79B050F35476}.AppStore|iPhone.ActiveCfg = Debug|Any CPU
		{E38BBD62-3986-41E1-8E0D-79B050F35476}.AppStore|iPhone.Build.0 = Debug|Any CPU
		{E38BBD62-3986-41E1-8E0D-79B050F35476}.AppStore|iPhone.Deploy.0 = Debug|Any CPU
		{E38BBD62-3986-41E1-8E0D-79B050F35476}.AppStore|iPhoneSimulator.ActiveCfg = Debug|Any CPU
		{E38BBD62-3986-41E1-8E0D-79B050F35476}.AppStore|iPhoneSimulator.Build.0 = Debug|Any CPU
		{E38BBD62-3986-41E1-8E0D-79B050F35476}.AppStore|iPhoneSimulator.Deploy.0 = Debug|Any CPU
		{E38BBD62-3986-41E1-8E0D-79B050F35476}.AppStore|x64.ActiveCfg = Debug|Any CPU
		{E38BBD62-3986-41E1-8E0D-79B050F35476}.AppStore|x64.Build.0 = Debug|Any CPU
		{E38BBD62-3986-41E1-8E0D-79B050F35476}.AppStore|x64.Deploy.0 = Debug|Any CPU
		{E38BBD62-3986-41E1-8E0D-79B050F35476}.AppStore|x86.ActiveCfg = Debug|Any CPU
		{E38BBD62-3986-41E1-8E0D-79B050F35476}.AppStore|x86.Build.0 = Debug|Any CPU
		{E38BBD62-3986-41E1-8E0D-79B050F35476}.AppStore|x86.Deploy.0 = Debug|Any CPU
		{E38BBD62-3986-41E1-8E0D-79B050F35476}.Debug|Any CPU.ActiveCfg = Debug|Any CPU
		{E38BBD62-3986-41E1-8E0D-79B050F35476}.Debug|Any CPU.Build.0 = Debug|Any CPU
		{E38BBD62-3986-41E1-8E0D-79B050F35476}.Debug|Any CPU.Deploy.0 = Debug|Any CPU
		{E38BBD62-3986-41E1-8E0D-79B050F35476}.Debug|ARM.ActiveCfg = Debug|Any CPU
		{E38BBD62-3986-41E1-8E0D-79B050F35476}.Debug|ARM.Build.0 = Debug|Any CPU
		{E38BBD62-3986-41E1-8E0D-79B050F35476}.Debug|ARM.Deploy.0 = Debug|Any CPU
		{E38BBD62-3986-41E1-8E0D-79B050F35476}.Debug|iPhone.ActiveCfg = Debug|Any CPU
		{E38BBD62-3986-41E1-8E0D-79B050F35476}.Debug|iPhone.Build.0 = Debug|Any CPU
		{E38BBD62-3986-41E1-8E0D-79B050F35476}.Debug|iPhone.Deploy.0 = Debug|Any CPU
		{E38BBD62-3986-41E1-8E0D-79B050F35476}.Debug|iPhoneSimulator.ActiveCfg = Debug|Any CPU
		{E38BBD62-3986-41E1-8E0D-79B050F35476}.Debug|iPhoneSimulator.Build.0 = Debug|Any CPU
		{E38BBD62-3986-41E1-8E0D-79B050F35476}.Debug|iPhoneSimulator.Deploy.0 = Debug|Any CPU
		{E38BBD62-3986-41E1-8E0D-79B050F35476}.Debug|x64.ActiveCfg = Debug|Any CPU
		{E38BBD62-3986-41E1-8E0D-79B050F35476}.Debug|x64.Build.0 = Debug|Any CPU
		{E38BBD62-3986-41E1-8E0D-79B050F35476}.Debug|x64.Deploy.0 = Debug|Any CPU
		{E38BBD62-3986-41E1-8E0D-79B050F35476}.Debug|x86.ActiveCfg = Debug|Any CPU
		{E38BBD62-3986-41E1-8E0D-79B050F35476}.Debug|x86.Build.0 = Debug|Any CPU
		{E38BBD62-3986-41E1-8E0D-79B050F35476}.Debug|x86.Deploy.0 = Debug|Any CPU
		{E38BBD62-3986-41E1-8E0D-79B050F35476}.Release|Any CPU.ActiveCfg = Release|Any CPU
		{E38BBD62-3986-41E1-8E0D-79B050F35476}.Release|Any CPU.Build.0 = Release|Any CPU
		{E38BBD62-3986-41E1-8E0D-79B050F35476}.Release|Any CPU.Deploy.0 = Release|Any CPU
		{E38BBD62-3986-41E1-8E0D-79B050F35476}.Release|ARM.ActiveCfg = Release|Any CPU
		{E38BBD62-3986-41E1-8E0D-79B050F35476}.Release|ARM.Build.0 = Release|Any CPU
		{E38BBD62-3986-41E1-8E0D-79B050F35476}.Release|ARM.Deploy.0 = Release|Any CPU
		{E38BBD62-3986-41E1-8E0D-79B050F35476}.Release|iPhone.ActiveCfg = Release|Any CPU
		{E38BBD62-3986-41E1-8E0D-79B050F35476}.Release|iPhone.Build.0 = Release|Any CPU
		{E38BBD62-3986-41E1-8E0D-79B050F35476}.Release|iPhone.Deploy.0 = Release|Any CPU
		{E38BBD62-3986-41E1-8E0D-79B050F35476}.Release|iPhoneSimulator.ActiveCfg = Release|Any CPU
		{E38BBD62-3986-41E1-8E0D-79B050F35476}.Release|iPhoneSimulator.Build.0 = Release|Any CPU
		{E38BBD62-3986-41E1-8E0D-79B050F35476}.Release|iPhoneSimulator.Deploy.0 = Release|Any CPU
		{E38BBD62-3986-41E1-8E0D-79B050F35476}.Release|x64.ActiveCfg = Release|Any CPU
		{E38BBD62-3986-41E1-8E0D-79B050F35476}.Release|x64.Build.0 = Release|Any CPU
		{E38BBD62-3986-41E1-8E0D-79B050F35476}.Release|x64.Deploy.0 = Release|Any CPU
		{E38BBD62-3986-41E1-8E0D-79B050F35476}.Release|x86.ActiveCfg = Release|Any CPU
		{E38BBD62-3986-41E1-8E0D-79B050F35476}.Release|x86.Build.0 = Release|Any CPU
		{E38BBD62-3986-41E1-8E0D-79B050F35476}.Release|x86.Deploy.0 = Release|Any CPU
	EndGlobalSection
	GlobalSection(SolutionProperties) = preSolution
		HideSolutionNode = FALSE
	EndGlobalSection
	GlobalSection(ExtensibilityGlobals) = postSolution
		SolutionGuid = {C8882B55-AD8F-4129-B94F-BE4D8E4A3589}
	EndGlobalSection
EndGlobal
